
Microsoft Visual Studio Solution File, Format Version 12.00
# Visual Studio Version 17
VisualStudioVersion = 17.2.32616.157
MinimumVisualStudioVersion = 10.0.40219.1
Project("{FAE04EC0-301F-11D3-BF4B-00C04F79EFBC}") = "Book_shop", "WindowsFormsApp5 exam 02-10\Book_shop.csproj", "{D27A1197-9B14-4C89-9E38-96D7DC32DFBA}"
EndProject
Global
	GlobalSection(SolutionConfigurationPlatforms) = preSolution
		Debug|Any CPU = Debug|Any CPU
		Release|Any CPU = Release|Any CPU
	EndGlobalSection
	GlobalSection(ProjectConfigurationPlatforms) = postSolution
		{D27A1197-9B14-4C89-9E38-96D7DC32DFBA}.Debug|Any CPU.ActiveCfg = Debug|Any CPU
		{D27A1197-9B14-4C89-9E38-96D7DC32DFBA}.Debug|Any CPU.Build.0 = Debug|Any CPU
		{D27A1197-9B14-4C89-9E38-96D7DC32DFBA}.Release|Any CPU.ActiveCfg = Release|Any CPU
		{D27A1197-9B14-4C89-9E38-96D7DC32DFBA}.Release|Any CPU.Build.0 = Release|Any CPU
	EndGlobalSection
	GlobalSection(SolutionProperties) = preSolution
		HideSolutionNode = FALSE
	EndGlobalSection
	GlobalSection(ExtensibilityGlobals) = postSolution
		SolutionGuid = {477B2BB8-30BC-48AD-8E89-5E5ED07B8401}
	EndGlobalSection
EndGlobal
